
Microsoft Visual Studio Solution File, Format Version 12.00
# Visual Studio Version 16
VisualStudioVersion = 16.0.32228.343
MinimumVisualStudioVersion = 10.0.40219.1
Project("{FAE04EC0-301F-11D3-BF4B-00C04F79EFBC}") = "deberConsola", "deberConsola\deberConsola.csproj", "{23F9CE4E-8E57-4969-AF45-D49EC8CC4DFD}"
EndProject
Global
	GlobalSection(SolutionConfigurationPlatforms) = preSolution
		Debug|Any CPU = Debug|Any CPU
		Release|Any CPU = Release|Any CPU
	EndGlobalSection
	GlobalSection(ProjectConfigurationPlatforms) = postSolution
		{23F9CE4E-8E57-4969-AF45-D49EC8CC4DFD}.Debug|Any CPU.ActiveCfg = Debug|Any CPU
		{23F9CE4E-8E57-4969-AF45-D49EC8CC4DFD}.Debug|Any CPU.Build.0 = Debug|Any CPU
		{23F9CE4E-8E57-4969-AF45-D49EC8CC4DFD}.Release|Any CPU.ActiveCfg = Release|Any CPU
		{23F9CE4E-8E57-4969-AF45-D49EC8CC4DFD}.Release|Any CPU.Build.0 = Release|Any CPU
	EndGlobalSection
	GlobalSection(SolutionProperties) = preSolution
		HideSolutionNode = FALSE
	EndGlobalSection
	GlobalSection(ExtensibilityGlobals) = postSolution
		SolutionGuid = {AA643A85-A8CA-44E3-8056-1EE892EA3A17}
	EndGlobalSection
EndGlobal
